// !$*UTF8*$!
{
	archiveVersion = 1;
	classes = {
	};
	objectVersion = 51;
	objects = {

/* Begin PBXBuildFile section */
		3C37035421FBEBD300177657 /* Defaults.framework in Frameworks */ = {isa = PBXBuildFile; fileRef = 3C37035321FBEBD300177657 /* Defaults.framework */; };
		3C37035521FBEBD300177657 /* Defaults.framework in Embed Frameworks */ = {isa = PBXBuildFile; fileRef = 3C37035321FBEBD300177657 /* Defaults.framework */; settings = {ATTRIBUTES = (CodeSignOnCopy, RemoveHeadersOnCopy, ); }; };
		AF6C7BC61E7FAF38004A27E0 /* ToolbarSlider.swift in Sources */ = {isa = PBXBuildFile; fileRef = AF6C7BC51E7FAF38004A27E0 /* ToolbarSlider.swift */; };
		E30988DF1E88DD060078CA9E /* Sparkle.framework in Frameworks */ = {isa = PBXBuildFile; fileRef = E30988DE1E88DD060078CA9E /* Sparkle.framework */; };
		E30988E01E88DD060078CA9E /* Sparkle.framework in Embed Frameworks */ = {isa = PBXBuildFile; fileRef = E30988DE1E88DD060078CA9E /* Sparkle.framework */; settings = {ATTRIBUTES = (CodeSignOnCopy, RemoveHeadersOnCopy, ); }; };
		E35579EB21595EDC001CB642 /* TouchBarWindow.swift in Sources */ = {isa = PBXBuildFile; fileRef = E35579EA21595EDC001CB642 /* TouchBarWindow.swift */; };
		E356A16321028D81000148AD /* main.swift in Sources */ = {isa = PBXBuildFile; fileRef = E356A16221028D81000148AD /* main.swift */; };
		E35831A41F4D7EE0003BE371 /* util.swift in Sources */ = {isa = PBXBuildFile; fileRef = E35831A31F4D7EE0003BE371 /* util.swift */; };
		E3930B10216625BE00F66410 /* Constants.swift in Sources */ = {isa = PBXBuildFile; fileRef = E3930B0F216625BE00F66410 /* Constants.swift */; };
		E39A157E214CFE7100F86D5D /* DFRFoundation.framework in Frameworks */ = {isa = PBXBuildFile; fileRef = E39A157D214CFE7100F86D5D /* DFRFoundation.framework */; };
		E39A157F214CFE7100F86D5D /* DFRFoundation.framework in Embed Frameworks */ = {isa = PBXBuildFile; fileRef = E39A157D214CFE7100F86D5D /* DFRFoundation.framework */; settings = {ATTRIBUTES = (CodeSignOnCopy, RemoveHeadersOnCopy, ); }; };
		E39A158A214D011F00F86D5D /* SkyLight.framework in Frameworks */ = {isa = PBXBuildFile; fileRef = E39A1589214D011F00F86D5D /* SkyLight.framework */; };
		E39A158B214D011F00F86D5D /* SkyLight.framework in Embed Frameworks */ = {isa = PBXBuildFile; fileRef = E39A1589214D011F00F86D5D /* SkyLight.framework */; settings = {ATTRIBUTES = (CodeSignOnCopy, RemoveHeadersOnCopy, ); }; };
		E39A158E214D0C4F00F86D5D /* TouchBarView.swift in Sources */ = {isa = PBXBuildFile; fileRef = E39A158D214D0C4F00F86D5D /* TouchBarView.swift */; };
		E3FE2CC31E726CE800C6713A /* AppDelegate.swift in Sources */ = {isa = PBXBuildFile; fileRef = E3FE2CC21E726CE800C6713A /* AppDelegate.swift */; };
		E3FE2CC51E726CE800C6713A /* Assets.xcassets in Resources */ = {isa = PBXBuildFile; fileRef = E3FE2CC41E726CE800C6713A /* Assets.xcassets */; };
/* End PBXBuildFile section */

/* Begin PBXCopyFilesBuildPhase section */
		E3FA3A901E784C5F00A7F2EA /* Embed Frameworks */ = {
			isa = PBXCopyFilesBuildPhase;
			buildActionMask = 2147483647;
			dstPath = "";
			dstSubfolderSpec = 10;
			files = (
				E30988E01E88DD060078CA9E /* Sparkle.framework in Embed Frameworks */,
				E39A158B214D011F00F86D5D /* SkyLight.framework in Embed Frameworks */,
				3C37035521FBEBD300177657 /* Defaults.framework in Embed Frameworks */,
				E39A157F214CFE7100F86D5D /* DFRFoundation.framework in Embed Frameworks */,
			);
			name = "Embed Frameworks";
			runOnlyForDeploymentPostprocessing = 0;
		};
/* End PBXCopyFilesBuildPhase section */

/* Begin PBXFileReference section */
		3C37035321FBEBD300177657 /* Defaults.framework */ = {isa = PBXFileReference; lastKnownFileType = wrapper.framework; name = Defaults.framework; path = Carthage/Build/Mac/Defaults.framework; sourceTree = "<group>"; };
		AF6C7BC51E7FAF38004A27E0 /* ToolbarSlider.swift */ = {isa = PBXFileReference; fileEncoding = 4; lastKnownFileType = sourcecode.swift; lineEnding = 0; path = ToolbarSlider.swift; sourceTree = "<group>"; usesTabs = 1; };
		E30988DE1E88DD060078CA9E /* Sparkle.framework */ = {isa = PBXFileReference; lastKnownFileType = wrapper.framework; name = Sparkle.framework; path = Carthage/Build/Mac/Sparkle.framework; sourceTree = "<group>"; };
		E34D6548214BBDAE00786C24 /* Touch Bar Simulator.entitlements */ = {isa = PBXFileReference; lastKnownFileType = text.plist.entitlements; path = "Touch Bar Simulator.entitlements"; sourceTree = "<group>"; };
		E35579EA21595EDC001CB642 /* TouchBarWindow.swift */ = {isa = PBXFileReference; fileEncoding = 4; lastKnownFileType = sourcecode.swift; lineEnding = 0; path = TouchBarWindow.swift; sourceTree = "<group>"; usesTabs = 1; };
		E356A16221028D81000148AD /* main.swift */ = {isa = PBXFileReference; fileEncoding = 4; lastKnownFileType = sourcecode.swift; lineEnding = 0; path = main.swift; sourceTree = "<group>"; usesTabs = 1; };
		E35831A31F4D7EE0003BE371 /* util.swift */ = {isa = PBXFileReference; fileEncoding = 4; lastKnownFileType = sourcecode.swift; lineEnding = 0; path = util.swift; sourceTree = "<group>"; usesTabs = 1; };
		E3930B0F216625BE00F66410 /* Constants.swift */ = {isa = PBXFileReference; fileEncoding = 4; lastKnownFileType = sourcecode.swift; lineEnding = 0; path = Constants.swift; sourceTree = "<group>"; usesTabs = 1; };
		E39A157D214CFE7100F86D5D /* DFRFoundation.framework */ = {isa = PBXFileReference; lastKnownFileType = wrapper.framework; name = DFRFoundation.framework; path = ../../../../../System/Library/PrivateFrameworks/DFRFoundation.framework; sourceTree = "<group>"; };
		E39A1589214D011F00F86D5D /* SkyLight.framework */ = {isa = PBXFileReference; lastKnownFileType = wrapper.framework; name = SkyLight.framework; path = ../../../../../System/Library/PrivateFrameworks/SkyLight.framework; sourceTree = "<group>"; };
		E39A158D214D0C4F00F86D5D /* TouchBarView.swift */ = {isa = PBXFileReference; fileEncoding = 4; lastKnownFileType = sourcecode.swift; lineEnding = 0; path = TouchBarView.swift; sourceTree = "<group>"; usesTabs = 1; };
		E3FE2CBF1E726CE800C6713A /* Touch Bar Simulator.app */ = {isa = PBXFileReference; explicitFileType = wrapper.application; includeInIndex = 0; path = "Touch Bar Simulator.app"; sourceTree = BUILT_PRODUCTS_DIR; };
		E3FE2CC21E726CE800C6713A /* AppDelegate.swift */ = {isa = PBXFileReference; fileEncoding = 4; lastKnownFileType = sourcecode.swift; lineEnding = 0; path = AppDelegate.swift; sourceTree = "<group>"; usesTabs = 1; };
		E3FE2CC41E726CE800C6713A /* Assets.xcassets */ = {isa = PBXFileReference; lastKnownFileType = folder.assetcatalog; path = Assets.xcassets; sourceTree = "<group>"; };
		E3FE2CC91E726CE800C6713A /* Info.plist */ = {isa = PBXFileReference; lastKnownFileType = text.plist.xml; path = Info.plist; sourceTree = "<group>"; };
		E3FE2CD21E726EA100C6713A /* Touch Bar Simulator-Bridging-Header.h */ = {isa = PBXFileReference; fileEncoding = 4; lastKnownFileType = sourcecode.c.h; lineEnding = 0; path = "Touch Bar Simulator-Bridging-Header.h"; sourceTree = "<group>"; usesTabs = 1; };
/* End PBXFileReference section */

/* Begin PBXFrameworksBuildPhase section */
		E3FE2CBC1E726CE800C6713A /* Frameworks */ = {
			isa = PBXFrameworksBuildPhase;
			buildActionMask = 2147483647;
			files = (
				E39A157E214CFE7100F86D5D /* DFRFoundation.framework in Frameworks */,
				E39A158A214D011F00F86D5D /* SkyLight.framework in Frameworks */,
				3C37035421FBEBD300177657 /* Defaults.framework in Frameworks */,
				E30988DF1E88DD060078CA9E /* Sparkle.framework in Frameworks */,
			);
			runOnlyForDeploymentPostprocessing = 0;
		};
/* End PBXFrameworksBuildPhase section */

/* Begin PBXGroup section */
		E356A16421028DAB000148AD /* Other */ = {
			isa = PBXGroup;
			children = (
				E356A16221028D81000148AD /* main.swift */,
				E3FE2CD21E726EA100C6713A /* Touch Bar Simulator-Bridging-Header.h */,
				E3FE2CC91E726CE800C6713A /* Info.plist */,
				E34D6548214BBDAE00786C24 /* Touch Bar Simulator.entitlements */,
			);
			name = Other;
			sourceTree = "<group>";
		};
		E3FE2CB61E726CE800C6713A = {
			isa = PBXGroup;
			children = (
				E3FE2CC11E726CE800C6713A /* Touch Bar Simulator */,
				E3FE2CC01E726CE800C6713A /* Products */,
				E3FE2CD91E7272AD00C6713A /* Frameworks */,
				E39A1589214D011F00F86D5D /* SkyLight.framework */,
				E39A157D214CFE7100F86D5D /* DFRFoundation.framework */,
			);
			sourceTree = "<group>";
			usesTabs = 1;
		};
		E3FE2CC01E726CE800C6713A /* Products */ = {
			isa = PBXGroup;
			children = (
				E3FE2CBF1E726CE800C6713A /* Touch Bar Simulator.app */,
			);
			name = Products;
			sourceTree = "<group>";
		};
		E3FE2CC11E726CE800C6713A /* Touch Bar Simulator */ = {
			isa = PBXGroup;
			children = (
				E3FE2CC21E726CE800C6713A /* AppDelegate.swift */,
				E35579EA21595EDC001CB642 /* TouchBarWindow.swift */,
				E39A158D214D0C4F00F86D5D /* TouchBarView.swift */,
				AF6C7BC51E7FAF38004A27E0 /* ToolbarSlider.swift */,
				E3930B0F216625BE00F66410 /* Constants.swift */,
				E35831A31F4D7EE0003BE371 /* util.swift */,
				E3FE2CC41E726CE800C6713A /* Assets.xcassets */,
				E356A16421028DAB000148AD /* Other */,
			);
			path = "Touch Bar Simulator";
			sourceTree = "<group>";
		};
		E3FE2CD91E7272AD00C6713A /* Frameworks */ = {
			isa = PBXGroup;
			children = (
				E30988DE1E88DD060078CA9E /* Sparkle.framework */,
				3C37035321FBEBD300177657 /* Defaults.framework */,
			);
			name = Frameworks;
			sourceTree = "<group>";
		};
/* End PBXGroup section */

/* Begin PBXNativeTarget section */
		E3FE2CBE1E726CE800C6713A /* Touch Bar Simulator */ = {
			isa = PBXNativeTarget;
			buildConfigurationList = E3FE2CCC1E726CE800C6713A /* Build configuration list for PBXNativeTarget "Touch Bar Simulator" */;
			buildPhases = (
				E3FE2CBB1E726CE800C6713A /* Sources */,
				E3FE2CBC1E726CE800C6713A /* Frameworks */,
				E3FE2CBD1E726CE800C6713A /* Resources */,
				E3FA3A901E784C5F00A7F2EA /* Embed Frameworks */,
				E3679C9A215A1ECA0080270F /* SwiftLint */,
			);
			buildRules = (
			);
			dependencies = (
			);
			name = "Touch Bar Simulator";
			productName = "Touch Bar Simulator";
			productReference = E3FE2CBF1E726CE800C6713A /* Touch Bar Simulator.app */;
			productType = "com.apple.product-type.application";
		};
/* End PBXNativeTarget section */

/* Begin PBXProject section */
		E3FE2CB71E726CE800C6713A /* Project object */ = {
			isa = PBXProject;
			attributes = {
				LastSwiftUpdateCheck = 0820;
				LastUpgradeCheck = 0930;
				ORGANIZATIONNAME = "Sindre Sorhus";
				TargetAttributes = {
					E3FE2CBE1E726CE800C6713A = {
						CreatedOnToolsVersion = 8.2.1;
						DevelopmentTeam = YG56YK5RN5;
						LastSwiftMigration = "";
						ProvisioningStyle = Automatic;
						SystemCapabilities = {
							com.apple.HardenedRuntime = {
								enabled = 0;
							};
						};
					};
				};
			};
			buildConfigurationList = E3FE2CBA1E726CE800C6713A /* Build configuration list for PBXProject "Touch Bar Simulator" */;
			compatibilityVersion = "Xcode 10.0";
			developmentRegion = English;
			hasScannedForEncodings = 0;
			knownRegions = (
				Base,
			);
			mainGroup = E3FE2CB61E726CE800C6713A;
			productRefGroup = E3FE2CC01E726CE800C6713A /* Products */;
			projectDirPath = "";
			projectRoot = "";
			targets = (
				E3FE2CBE1E726CE800C6713A /* Touch Bar Simulator */,
			);
		};
/* End PBXProject section */

/* Begin PBXResourcesBuildPhase section */
		E3FE2CBD1E726CE800C6713A /* Resources */ = {
			isa = PBXResourcesBuildPhase;
			buildActionMask = 2147483647;
			files = (
				E3FE2CC51E726CE800C6713A /* Assets.xcassets in Resources */,
			);
			runOnlyForDeploymentPostprocessing = 0;
		};
/* End PBXResourcesBuildPhase section */

/* Begin PBXShellScriptBuildPhase section */
		E3679C9A215A1ECA0080270F /* SwiftLint */ = {
			isa = PBXShellScriptBuildPhase;
			buildActionMask = 2147483647;
			files = (
			);
			inputFileListPaths = (
			);
			inputPaths = (
			);
			name = SwiftLint;
			outputFileListPaths = (
			);
			outputPaths = (
			);
			runOnlyForDeploymentPostprocessing = 0;
			shellPath = /bin/sh;
			shellScript = "if which swiftlint >/dev/null; then\n    swiftlint\nelse\n    echo \"warning: SwiftLint not installed\"\nfi\n";
			showEnvVarsInLog = 0;
		};
/* End PBXShellScriptBuildPhase section */

/* Begin PBXSourcesBuildPhase section */
		E3FE2CBB1E726CE800C6713A /* Sources */ = {
			isa = PBXSourcesBuildPhase;
			buildActionMask = 2147483647;
			files = (
				E35831A41F4D7EE0003BE371 /* util.swift in Sources */,
				AF6C7BC61E7FAF38004A27E0 /* ToolbarSlider.swift in Sources */,
				E356A16321028D81000148AD /* main.swift in Sources */,
				E35579EB21595EDC001CB642 /* TouchBarWindow.swift in Sources */,
				E3930B10216625BE00F66410 /* Constants.swift in Sources */,
				E3FE2CC31E726CE800C6713A /* AppDelegate.swift in Sources */,
				E39A158E214D0C4F00F86D5D /* TouchBarView.swift in Sources */,
			);
			runOnlyForDeploymentPostprocessing = 0;
		};
/* End PBXSourcesBuildPhase section */

/* Begin XCBuildConfiguration section */
		E3FE2CCA1E726CE800C6713A /* Debug */ = {
			isa = XCBuildConfiguration;
			buildSettings = {
				ALWAYS_SEARCH_USER_PATHS = NO;
				CLANG_ANALYZER_NONNULL = YES;
				CLANG_CXX_LANGUAGE_STANDARD = "gnu++0x";
				CLANG_CXX_LIBRARY = "libc++";
				CLANG_ENABLE_MODULES = YES;
				CLANG_ENABLE_OBJC_ARC = YES;
				CLANG_WARN_BLOCK_CAPTURE_AUTORELEASING = YES;
				CLANG_WARN_BOOL_CONVERSION = YES;
				CLANG_WARN_COMMA = YES;
				CLANG_WARN_CONSTANT_CONVERSION = YES;
				CLANG_WARN_DEPRECATED_OBJC_IMPLEMENTATIONS = YES;
				CLANG_WARN_DIRECT_OBJC_ISA_USAGE = YES_ERROR;
				CLANG_WARN_DOCUMENTATION_COMMENTS = YES;
				CLANG_WARN_EMPTY_BODY = YES;
				CLANG_WARN_ENUM_CONVERSION = YES;
				CLANG_WARN_INFINITE_RECURSION = YES;
				CLANG_WARN_INT_CONVERSION = YES;
				CLANG_WARN_NON_LITERAL_NULL_CONVERSION = YES;
				CLANG_WARN_OBJC_IMPLICIT_RETAIN_SELF = YES;
				CLANG_WARN_OBJC_LITERAL_CONVERSION = YES;
				CLANG_WARN_OBJC_ROOT_CLASS = YES_ERROR;
				CLANG_WARN_RANGE_LOOP_ANALYSIS = YES;
				CLANG_WARN_STRICT_PROTOTYPES = YES;
				CLANG_WARN_SUSPICIOUS_MOVE = YES;
				CLANG_WARN_UNREACHABLE_CODE = YES;
				CLANG_WARN__DUPLICATE_METHOD_MATCH = YES;
				CODE_SIGN_IDENTITY = "-";
				COPY_PHASE_STRIP = NO;
				DEBUG_INFORMATION_FORMAT = dwarf;
				ENABLE_STRICT_OBJC_MSGSEND = YES;
				ENABLE_TESTABILITY = YES;
				GCC_C_LANGUAGE_STANDARD = gnu99;
				GCC_DYNAMIC_NO_PIC = NO;
				GCC_NO_COMMON_BLOCKS = YES;
				GCC_OPTIMIZATION_LEVEL = 0;
				GCC_PREPROCESSOR_DEFINITIONS = (
					"DEBUG=1",
					"$(inherited)",
				);
				GCC_WARN_64_TO_32_BIT_CONVERSION = YES;
				GCC_WARN_ABOUT_RETURN_TYPE = YES_ERROR;
				GCC_WARN_UNDECLARED_SELECTOR = YES;
				GCC_WARN_UNINITIALIZED_AUTOS = YES_AGGRESSIVE;
				GCC_WARN_UNUSED_FUNCTION = YES;
				GCC_WARN_UNUSED_VARIABLE = YES;
				MACOSX_DEPLOYMENT_TARGET = 10.14;
				MTL_ENABLE_DEBUG_INFO = YES;
				ONLY_ACTIVE_ARCH = YES;
				SDKROOT = macosx;
				SWIFT_ACTIVE_COMPILATION_CONDITIONS = DEBUG;
				SWIFT_COMPILATION_MODE = singlefile;
				SWIFT_OPTIMIZATION_LEVEL = "-Onone";
				VALID_ARCHS = x86_64;
			};
			name = Debug;
		};
		E3FE2CCB1E726CE800C6713A /* Release */ = {
			isa = XCBuildConfiguration;
			buildSettings = {
				ALWAYS_SEARCH_USER_PATHS = NO;
				CLANG_ANALYZER_NONNULL = YES;
				CLANG_CXX_LANGUAGE_STANDARD = "gnu++0x";
				CLANG_CXX_LIBRARY = "libc++";
				CLANG_ENABLE_MODULES = YES;
				CLANG_ENABLE_OBJC_ARC = YES;
				CLANG_WARN_BLOCK_CAPTURE_AUTORELEASING = YES;
				CLANG_WARN_BOOL_CONVERSION = YES;
				CLANG_WARN_COMMA = YES;
				CLANG_WARN_CONSTANT_CONVERSION = YES;
				CLANG_WARN_DEPRECATED_OBJC_IMPLEMENTATIONS = YES;
				CLANG_WARN_DIRECT_OBJC_ISA_USAGE = YES_ERROR;
				CLANG_WARN_DOCUMENTATION_COMMENTS = YES;
				CLANG_WARN_EMPTY_BODY = YES;
				CLANG_WARN_ENUM_CONVERSION = YES;
				CLANG_WARN_INFINITE_RECURSION = YES;
				CLANG_WARN_INT_CONVERSION = YES;
				CLANG_WARN_NON_LITERAL_NULL_CONVERSION = YES;
				CLANG_WARN_OBJC_IMPLICIT_RETAIN_SELF = YES;
				CLANG_WARN_OBJC_LITERAL_CONVERSION = YES;
				CLANG_WARN_OBJC_ROOT_CLASS = YES_ERROR;
				CLANG_WARN_RANGE_LOOP_ANALYSIS = YES;
				CLANG_WARN_STRICT_PROTOTYPES = YES;
				CLANG_WARN_SUSPICIOUS_MOVE = YES;
				CLANG_WARN_UNREACHABLE_CODE = YES;
				CLANG_WARN__DUPLICATE_METHOD_MATCH = YES;
				CODE_SIGN_IDENTITY = "-";
				COPY_PHASE_STRIP = NO;
				DEBUG_INFORMATION_FORMAT = "dwarf-with-dsym";
				ENABLE_NS_ASSERTIONS = NO;
				ENABLE_STRICT_OBJC_MSGSEND = YES;
				GCC_C_LANGUAGE_STANDARD = gnu99;
				GCC_NO_COMMON_BLOCKS = YES;
				GCC_WARN_64_TO_32_BIT_CONVERSION = YES;
				GCC_WARN_ABOUT_RETURN_TYPE = YES_ERROR;
				GCC_WARN_UNDECLARED_SELECTOR = YES;
				GCC_WARN_UNINITIALIZED_AUTOS = YES_AGGRESSIVE;
				GCC_WARN_UNUSED_FUNCTION = YES;
				GCC_WARN_UNUSED_VARIABLE = YES;
				MACOSX_DEPLOYMENT_TARGET = 10.14;
				MTL_ENABLE_DEBUG_INFO = NO;
				SDKROOT = macosx;
				SWIFT_COMPILATION_MODE = wholemodule;
				SWIFT_OPTIMIZATION_LEVEL = "-O";
				VALID_ARCHS = x86_64;
			};
			name = Release;
		};
		E3FE2CCD1E726CE800C6713A /* Debug */ = {
			isa = XCBuildConfiguration;
			buildSettings = {
				ASSETCATALOG_COMPILER_APPICON_NAME = AppIcon;
				CLANG_ENABLE_MODULES = YES;
				CODE_SIGN_IDENTITY = "Mac Developer";
				COMBINE_HIDPI_IMAGES = YES;
				DEVELOPMENT_TEAM = YG56YK5RN5;
				FRAMEWORK_SEARCH_PATHS = (
					"$(inherited)",
					"$(PROJECT_DIR)",
					/Applications/Xcode.app/Contents/SharedFrameworks,
					/Applications/Xcode.app/Contents/Frameworks,
					/Applications/Xcode.app/Contents/PlugIns,
					/Applications/Xcode.app/Contents/Developer/Platforms/MacOSX.platform/Developer/Library/Frameworks,
					"$(PROJECT_DIR)/Carthage/Build/Mac",
				);
				INFOPLIST_FILE = "Touch Bar Simulator/Info.plist";
				LD_RUNPATH_SEARCH_PATHS = (
					"$(inherited)",
					"@executable_path/../Frameworks",
					"@loader_path/../Frameworks",
				);
				PRODUCT_BUNDLE_IDENTIFIER = "com.sindresorhus.Touch-Bar-Simulator";
				PRODUCT_NAME = "$(TARGET_NAME)";
				REEXPORTED_LIBRARY_PATHS = "";
				SWIFT_COMPILATION_MODE = singlefile;
				SWIFT_OBJC_BRIDGING_HEADER = "Touch Bar Simulator/Touch Bar Simulator-Bridging-Header.h";
				SWIFT_OPTIMIZATION_LEVEL = "-Onone";
				SWIFT_VERSION = 4.2;
				SYSTEM_FRAMEWORK_SEARCH_PATHS = (
					"$(inherited)",
					"$(SYSTEM_LIBRARY_DIR)/PrivateFrameworks",
				);
				VALID_ARCHS = x86_64;
			};
			name = Debug;
		};
		E3FE2CCE1E726CE800C6713A /* Release */ = {
			isa = XCBuildConfiguration;
			buildSettings = {
				ASSETCATALOG_COMPILER_APPICON_NAME = AppIcon;
				CLANG_ENABLE_MODULES = YES;
				CODE_SIGN_IDENTITY = "Mac Developer";
				COMBINE_HIDPI_IMAGES = YES;
				DEVELOPMENT_TEAM = YG56YK5RN5;
				FRAMEWORK_SEARCH_PATHS = (
					"$(inherited)",
					"$(PROJECT_DIR)",
					/Applications/Xcode.app/Contents/SharedFrameworks,
					/Applications/Xcode.app/Contents/Frameworks,
					/Applications/Xcode.app/Contents/PlugIns,
					/Applications/Xcode.app/Contents/Developer/Platforms/MacOSX.platform/Developer/Library/Frameworks,
					"$(PROJECT_DIR)/Carthage/Build/Mac",
				);
				INFOPLIST_FILE = "Touch Bar Simulator/Info.plist";
				LD_RUNPATH_SEARCH_PATHS = (
					"$(inherited)",
					"@executable_path/../Frameworks",
					"@loader_path/../Frameworks",
				);
				PRODUCT_BUNDLE_IDENTIFIER = "com.sindresorhus.Touch-Bar-Simulator";
				PRODUCT_NAME = "$(TARGET_NAME)";
				REEXPORTED_LIBRARY_PATHS = "";
				SWIFT_OBJC_BRIDGING_HEADER = "Touch Bar Simulator/Touch Bar Simulator-Bridging-Header.h";
				SWIFT_VERSION = 4.2;
				SYSTEM_FRAMEWORK_SEARCH_PATHS = (
					"$(inherited)",
					"$(SYSTEM_LIBRARY_DIR)/PrivateFrameworks",
				);
				VALID_ARCHS = x86_64;
			};
			name = Release;
		};
/* End XCBuildConfiguration section */

/* Begin XCConfigurationList section */
		E3FE2CBA1E726CE800C6713A /* Build configuration list for PBXProject "Touch Bar Simulator" */ = {
			isa = XCConfigurationList;
			buildConfigurations = (
				E3FE2CCA1E726CE800C6713A /* Debug */,
				E3FE2CCB1E726CE800C6713A /* Release */,
			);
			defaultConfigurationIsVisible = 0;
			defaultConfigurationName = Release;
		};
		E3FE2CCC1E726CE800C6713A /* Build configuration list for PBXNativeTarget "Touch Bar Simulator" */ = {
			isa = XCConfigurationList;
			buildConfigurations = (
				E3FE2CCD1E726CE800C6713A /* Debug */,
				E3FE2CCE1E726CE800C6713A /* Release */,
			);
			defaultConfigurationIsVisible = 0;
			defaultConfigurationName = Release;
		};
/* End XCConfigurationList section */
	};
	rootObject = E3FE2CB71E726CE800C6713A /* Project object */;
}
